
Microsoft Visual Studio Solution File, Format Version 12.00
# Visual Studio 15
VisualStudioVersion = 15.0.28307.572
MinimumVisualStudioVersion = 10.0.40219.1
Project("{FAE04EC0-301F-11D3-BF4B-00C04F79EFBC}") = "PlayerStats", "PlayerStats\PlayerStats.csproj", "{A7A818ED-613A-4597-8C62-A34A7BD29763}"
EndProject
Project("{FAE04EC0-301F-11D3-BF4B-00C04F79EFBC}") = "PlayerStats.Tests", "PlayerStats.Tests\PlayerStats.Tests.csproj", "{01DE34FB-0089-4519-ACD0-AE738F6B7C36}"
EndProject
Global
	GlobalSection(SolutionConfigurationPlatforms) = preSolution
		Debug|Any CPU = Debug|Any CPU
		Release|Any CPU = Release|Any CPU
	EndGlobalSection
	GlobalSection(ProjectConfigurationPlatforms) = postSolution
		{A7A818ED-613A-4597-8C62-A34A7BD29763}.Debug|Any CPU.ActiveCfg = Debug|Any CPU
		{A7A818ED-613A-4597-8C62-A34A7BD29763}.Debug|Any CPU.Build.0 = Debug|Any CPU
		{A7A818ED-613A-4597-8C62-A34A7BD29763}.Release|Any CPU.ActiveCfg = Release|Any CPU
		{A7A818ED-613A-4597-8C62-A34A7BD29763}.Release|Any CPU.Build.0 = Release|Any CPU
		{01DE34FB-0089-4519-ACD0-AE738F6B7C36}.Debug|Any CPU.ActiveCfg = Debug|Any CPU
		{01DE34FB-0089-4519-ACD0-AE738F6B7C36}.Debug|Any CPU.Build.0 = Debug|Any CPU
		{01DE34FB-0089-4519-ACD0-AE738F6B7C36}.Release|Any CPU.ActiveCfg = Release|Any CPU
		{01DE34FB-0089-4519-ACD0-AE738F6B7C36}.Release|Any CPU.Build.0 = Release|Any CPU
	EndGlobalSection
	GlobalSection(SolutionProperties) = preSolution
		HideSolutionNode = FALSE
	EndGlobalSection
	GlobalSection(ExtensibilityGlobals) = postSolution
		SolutionGuid = {BED96BE7-111E-4CA1-B4F4-F65B09535D65}
	EndGlobalSection
EndGlobal
